
Microsoft Visual Studio Solution File, Format Version 11.00
# Visual Studio 2010
Project("{FAE04EC0-301F-11D3-BF4B-00C04F79EFBC}") = "NMap", "NMap\NMap.csproj", "{8BFF9BFC-8C52-4A62-9CF1-EFB0CD038853}"
EndProject
Project("{FAE04EC0-301F-11D3-BF4B-00C04F79EFBC}") = "NMap.Test.Fast", "NMap.Test.Fast\NMap.Test.Fast.csproj", "{073849ED-BE89-433E-AA90-B588C1F844A4}"
EndProject
Project("{2150E333-8FDC-42A3-9474-1A3956D46DE8}") = ".nuget", ".nuget", "{414512C3-B367-46E2-86AF-C99720FA7CF6}"
	ProjectSection(SolutionItems) = preProject
		.nuget\packages.config = .nuget\packages.config
	EndProjectSection
EndProject
Global
	GlobalSection(SolutionConfigurationPlatforms) = preSolution
		Debug|Any CPU = Debug|Any CPU
		Release|Any CPU = Release|Any CPU
		Staging|Any CPU = Staging|Any CPU
	EndGlobalSection
	GlobalSection(ProjectConfigurationPlatforms) = postSolution
		{8BFF9BFC-8C52-4A62-9CF1-EFB0CD038853}.Debug|Any CPU.ActiveCfg = Debug|Any CPU
		{8BFF9BFC-8C52-4A62-9CF1-EFB0CD038853}.Debug|Any CPU.Build.0 = Debug|Any CPU
		{8BFF9BFC-8C52-4A62-9CF1-EFB0CD038853}.Release|Any CPU.ActiveCfg = Release|Any CPU
		{8BFF9BFC-8C52-4A62-9CF1-EFB0CD038853}.Release|Any CPU.Build.0 = Release|Any CPU
		{8BFF9BFC-8C52-4A62-9CF1-EFB0CD038853}.Staging|Any CPU.ActiveCfg = Staging|Any CPU
		{8BFF9BFC-8C52-4A62-9CF1-EFB0CD038853}.Staging|Any CPU.Build.0 = Staging|Any CPU
		{073849ED-BE89-433E-AA90-B588C1F844A4}.Debug|Any CPU.ActiveCfg = Debug|Any CPU
		{073849ED-BE89-433E-AA90-B588C1F844A4}.Debug|Any CPU.Build.0 = Debug|Any CPU
		{073849ED-BE89-433E-AA90-B588C1F844A4}.Release|Any CPU.ActiveCfg = Release|Any CPU
		{073849ED-BE89-433E-AA90-B588C1F844A4}.Release|Any CPU.Build.0 = Release|Any CPU
		{073849ED-BE89-433E-AA90-B588C1F844A4}.Staging|Any CPU.ActiveCfg = Staging|Any CPU
		{073849ED-BE89-433E-AA90-B588C1F844A4}.Staging|Any CPU.Build.0 = Staging|Any CPU
	EndGlobalSection
	GlobalSection(SolutionProperties) = preSolution
		HideSolutionNode = FALSE
	EndGlobalSection
EndGlobal
